{
    "_readme": [
        "This file locks the dependencies of your project to a known state",
        "Read more about it at https://getcomposer.org/doc/01-basic-usage.md#composer-lock-the-lock-file",
        "This file is @generated automatically"
    ],
    "hash": "f154b488295d13aa5c459f0dd8b55d14",
    "content-hash": "3774c9315d78fd9a89e38cbef1ea6577",
    "packages": [
        {
            "name": "doctrine/dbal",
            "version": "v2.5.4",
            "source": {
                "type": "git",
                "url": "https://github.com/doctrine/dbal.git",
                "reference": "abbdfd1cff43a7b99d027af3be709bc8fc7d4769"
            },
            "dist": {
                "type": "zip",
                "url": "https://api.github.com/repos/doctrine/dbal/zipball/abbdfd1cff43a7b99d027af3be709bc8fc7d4769",
                "reference": "abbdfd1cff43a7b99d027af3be709bc8fc7d4769",
                "shasum": ""
            },
            "require": {
                "doctrine/common": ">=2.4,<2.7-dev",
                "php": ">=5.3.2"
            },
            "require-dev": {
                "phpunit/phpunit": "4.*",
                "symfony/console": "2.*"
            },
            "suggest": {
                "symfony/console": "For helpful console commands such as SQL execution and import of files."
            },
            "bin": [
                "bin/doctrine-dbal"
            ],
            "type": "library",
            "extra": {
                "branch-alias": {
                    "dev-master": "2.5.x-dev"
                }
            },
            "autoload": {
                "psr-0": {
                    "Doctrine\\DBAL\\": "lib/"
                }
            },
            "notification-url": "https://packagist.org/downloads/",
            "license": [
                "MIT"
            ],
            "authors": [
                {
                    "name": "Roman Borschel",
                    "email": "roman@code-factory.org"
                },
                {
                    "name": "Benjamin Eberlei",
                    "email": "kontakt@beberlei.de"
                },
                {
                    "name": "Guilherme Blanco",
                    "email": "guilhermeblanco@gmail.com"
                },
                {
                    "name": "Jonathan Wage",
                    "email": "jonwage@gmail.com"
                }
            ],
            "description": "Database Abstraction Layer",
            "homepage": "http://www.doctrine-project.org",
            "keywords": [
                "database",
                "dbal",
                "persistence",
                "queryobject"
            ],
            "time": "2016-01-05 22:11:12"
        },
        {
            "name": "ezsystems/ezpublish-kernel",
            "version": "dev-master",
            "source": {
                "type": "git",
                "url": "https://github.com/ezsystems/ezpublish-kernel.git",
                "reference": "ec897baa77c63b745749acf201e85b92bd614723"
            },
            "dist": {
                "type": "zip",
                "url": "https://api.github.com/repos/ezsystems/ezpublish-kernel/zipball/ec897baa77c63b745749acf201e85b92bd614723",
                "reference": "ec897baa77c63b745749acf201e85b92bd614723",
                "shasum": ""
            },
            "require": {
                "doctrine/doctrine-bundle": "~1.3",
                "ext-ctype": "*",
                "ext-fileinfo": "*",
                "ext-intl": "*",
                "ext-json": "*",
                "ext-mbstring": "*",
                "ext-pdo": "*",
                "ext-spl": "*",
                "ext-xsl": "*",
                "friendsofsymfony/http-cache-bundle": "~1.2",
                "hautelook/templated-uri-bundle": "~1.0 | ~2.0",
                "kriswallsmith/buzz": ">=0.9",
                "liip/imagine-bundle": "~1.0",
                "nelmio/cors-bundle": "^1.3.3",
                "ocramius/proxy-manager": "~1.0",
                "oneup/flysystem-bundle": "~0.4",
                "pagerfanta/pagerfanta": "~1.0",
                "php": "~5.5|~7.0",
                "qafoo/rmf": "1.0.*",
                "sensio/distribution-bundle": "~3.0",
                "sensio/framework-extra-bundle": "~3.0",
                "symfony-cmf/routing": "~1.1",
                "symfony/symfony": "~2.7",
                "tedivm/stash-bundle": "0.4.*",
                "zetacomponents/mail": "~1.8"
            },
            "replace": {
                "ezsystems/ezpublish": "*",
                "ezsystems/ezpublish-api": "self.version",
                "ezsystems/ezpublish-spi": "self.version"
            },
            "require-dev": {
                "ezsystems/behatbundle": "^6.1",
                "matthiasnoback/symfony-dependency-injection-test": "0.*",
                "mikey179/vfsstream": "1.1.0",
                "mockery/mockery": "~0.9.4",
                "phpunit/phpunit": "~4.7.0",
                "symfony/assetic-bundle": "~2.3"
            },
            "suggest": {
                "php-64bit": "For support of more than 30 languages, a 64bit php installation on all involved prod/dev machines is required"
            },
            "type": "library",
            "extra": {
                "branch-alias": {
                    "dev-master": "7.5.x-dev"
                }
            },
            "autoload": {
                "psr-4": {
                    "EzSystems\\PlatformInstallerBundle\\": "eZ/Bundle/PlatformInstallerBundle/src",
                    "EzSystems\\PlatformBehatBundle\\": "eZ/Bundle/PlatformBehatBundle"
                },
                "psr-0": {
                    "eZ": ""
                }
            },
            "notification-url": "https://packagist.org/downloads/",
            "license": [
                "GPL-2.0"
            ],
            "description": "Kernel used by ezsystems/ezplatform and derivatives. Provides the Content Repository, its APIs, and the application's Symfony framework integration.",
            "homepage": "http://share.ez.no",
            "time": "2016-02-28 14:30:53"
        },
        {
            "name": "symfony/symfony",
            "version": "v2.7.10",
            "source": {
                "type": "git",
                "url": "https://github.com/symfony/symfony.git",
                "reference": "9a3b6bf6ebee49370aaf15abc1bdeb4b1986a67d"
            },
            "dist": {
                "type": "zip",
                "url": "https://api.github.com/repos/symfony/symfony/zipball/9a3b6bf6ebee49370aaf15abc1bdeb4b1986a67d",
                "reference": "9a3b6bf6ebee49370aaf15abc1bdeb4b1986a67d",
                "shasum": ""
            },
            "require": {
                "doctrine/common": "~2.4",
                "paragonie/random_compat": "~1.0",
                "php": ">=5.3.9",
                "psr/log": "~1.0",
                "symfony/polyfill-apcu": "~1.1",
                "twig/twig": "~1.23|~2.0"
            },
            "replace": {
                "symfony/asset": "self.version",
                "symfony/browser-kit": "self.version",
                "symfony/class-loader": "self.version",
                "symfony/config": "self.version",
                "symfony/console": "self.version",
                "symfony/css-selector": "self.version",
                "symfony/debug": "self.version",
                "symfony/debug-bundle": "self.version",
                "symfony/dependency-injection": "self.version",
                "symfony/doctrine-bridge": "self.version",
                "symfony/dom-crawler": "self.version",
                "symfony/event-dispatcher": "self.version",
                "symfony/expression-language": "self.version",
                "symfony/filesystem": "self.version",
                "symfony/finder": "self.version",
                "symfony/form": "self.version",
                "symfony/framework-bundle": "self.version",
                "symfony/http-foundation": "self.version",
                "symfony/http-kernel": "self.version",
                "symfony/intl": "self.version",
                "symfony/locale": "self.version",
                "symfony/monolog-bridge": "self.version",
                "symfony/options-resolver": "self.version",
                "symfony/process": "self.version",
                "symfony/property-access": "self.version",
                "symfony/proxy-manager-bridge": "self.version",
                "symfony/routing": "self.version",
                "symfony/security": "self.version",
                "symfony/security-acl": "self.version",
                "symfony/security-bundle": "self.version",
                "symfony/security-core": "self.version",
                "symfony/security-csrf": "self.version",
                "symfony/security-http": "self.version",
                "symfony/serializer": "self.version",
                "symfony/stopwatch": "self.version",
                "symfony/swiftmailer-bridge": "self.version",
                "symfony/templating": "self.version",
                "symfony/translation": "self.version",
                "symfony/twig-bridge": "self.version",
                "symfony/twig-bundle": "self.version",
                "symfony/validator": "self.version",
                "symfony/var-dumper": "self.version",
                "symfony/web-profiler-bundle": "self.version",
                "symfony/yaml": "self.version"
            },
            "require-dev": {
                "doctrine/data-fixtures": "1.0.*",
                "doctrine/dbal": "~2.4",
                "doctrine/doctrine-bundle": "~1.2",
                "doctrine/orm": "~2.4,>=2.4.5",
                "egulias/email-validator": "~1.2",
                "ircmaxell/password-compat": "~1.0",
                "monolog/monolog": "~1.11",
                "ocramius/proxy-manager": "~0.4|~1.0|~2.0"
            },
            "type": "library",
            "extra": {
                "branch-alias": {
                    "dev-master": "2.7-dev"
                }
            },
            "autoload": {
                "psr-4": {
                    "Symfony\\Bridge\\Doctrine\\": "src/Symfony/Bridge/Doctrine/",
                    "Symfony\\Bridge\\Monolog\\": "src/Symfony/Bridge/Monolog/",
                    "Symfony\\Bridge\\ProxyManager\\": "src/Symfony/Bridge/ProxyManager/",
                    "Symfony\\Bridge\\Swiftmailer\\": "src/Symfony/Bridge/Swiftmailer/",
                    "Symfony\\Bridge\\Twig\\": "src/Symfony/Bridge/Twig/",
                    "Symfony\\Bundle\\": "src/Symfony/Bundle/",
                    "Symfony\\Component\\": "src/Symfony/Component/"
                },
                "classmap": [
                    "src/Symfony/Component/HttpFoundation/Resources/stubs",
                    "src/Symfony/Component/Intl/Resources/stubs"
                ],
                "files": [
                    "src/Symfony/Component/Intl/Resources/stubs/functions.php"
                ],
                "exclude-from-classmap": [
                    "**/Tests/"
                ]
            },
            "notification-url": "https://packagist.org/downloads/",
            "license": [
                "MIT"
            ],
            "authors": [
                {
                    "name": "Fabien Potencier",
                    "email": "fabien@symfony.com"
                },
                {
                    "name": "Symfony Community",
                    "homepage": "https://symfony.com/contributors"
                }
            ],
            "description": "The Symfony PHP framework",
            "homepage": "https://symfony.com",
            "keywords": [
                "framework"
            ],
            "time": "2016-02-28 20:37:19"
        },
        {
            "name": "zetacomponents/system-information",
            "version": "1.1",
            "source": {
                "type": "git",
                "url": "https://github.com/zetacomponents/SystemInformation.git",
                "reference": "be0e5b69dde0a51f8d2a036b891964521939769f"
            },
            "dist": {
                "type": "zip",
                "url": "https://api.github.com/repos/zetacomponents/SystemInformation/zipball/be0e5b69dde0a51f8d2a036b891964521939769f",
                "reference": "be0e5b69dde0a51f8d2a036b891964521939769f",
                "shasum": ""
            },
            "require": {
                "zetacomponents/base": "~1.8"
            },
            "require-dev": {
                "zetacomponents/unit-test": "*"
            },
            "type": "library",
            "autoload": {
                "classmap": [
                    "src"
                ]
            },
            "notification-url": "https://packagist.org/downloads/",
            "license": [
                "Apache-2.0"
            ],
            "authors": [
                {
                    "name": "Sergey Alexeev"
                },
                {
                    "name": "Sebastian Bergmann"
                },
                {
                    "name": "Jan Borsodi"
                },
                {
                    "name": "Raymond Bosman"
                },
                {
                    "name": "Frederik Holljen"
                },
                {
                    "name": "Kore Nordmann"
                },
                {
                    "name": "Derick Rethans"
                },
                {
                    "name": "Vadym Savchuk"
                },
                {
                    "name": "Tobias Schlitt"
                },
                {
                    "name": "Alexandru Stanoi"
                }
            ],
            "description": "Provides access to common system variables, such as CPU type and speed, and the available amount of memory.",
            "homepage": "https://github.com/zetacomponents",
            "time": "2014-09-27 19:26:09"
        }
    ],
    "packages-dev": null,
    "aliases": [],
    "minimum-stability": "stable",
    "stability-flags": {
        "ezsystems/ezpublish-kernel": 20,
        "ezsystems/repository-forms": 20,
        "ezsystems/ezplatform-solr-search-engine": 20,
        "ezsystems/platform-ui-bundle": 20,
        "ezsystems/platform-ui-assets-bundle": 15,
        "ezsystems/ez-support-tools": 20,
        "ezsystems/behatbundle": 20
    },
    "prefer-stable": false,
    "prefer-lowest": false,
    "platform": {
        "php": "~5.5|~7.0"
    },
    "platform-dev": []
}
